
Microsoft Visual Studio Solution File, Format Version 12.00
# Visual Studio Version 17
VisualStudioVersion = 17.3.32922.545
MinimumVisualStudioVersion = 10.0.40219.1
Project("{FAE04EC0-301F-11D3-BF4B-00C04F79EFBC}") = "Stella_BlogWebServer", "Stella_BlogWebServer\Stella_BlogWebServer.csproj", "{B57FC30A-4F6A-4C7A-A284-0DBD4C93F254}"
EndProject
Global
	GlobalSection(SolutionConfigurationPlatforms) = preSolution
		Debug|Any CPU = Debug|Any CPU
		Release|Any CPU = Release|Any CPU
	EndGlobalSection
	GlobalSection(ProjectConfigurationPlatforms) = postSolution
		{B57FC30A-4F6A-4C7A-A284-0DBD4C93F254}.Debug|Any CPU.ActiveCfg = Debug|Any CPU
		{B57FC30A-4F6A-4C7A-A284-0DBD4C93F254}.Debug|Any CPU.Build.0 = Debug|Any CPU
		{B57FC30A-4F6A-4C7A-A284-0DBD4C93F254}.Release|Any CPU.ActiveCfg = Release|Any CPU
		{B57FC30A-4F6A-4C7A-A284-0DBD4C93F254}.Release|Any CPU.Build.0 = Release|Any CPU
	EndGlobalSection
	GlobalSection(SolutionProperties) = preSolution
		HideSolutionNode = FALSE
	EndGlobalSection
	GlobalSection(ExtensibilityGlobals) = postSolution
		SolutionGuid = {579ED441-1140-4086-8537-C0A235F25CEF}
	EndGlobalSection
EndGlobal
